// !$*UTF8*$!
{
	archiveVersion = 1;
	classes = {
	};
	objectVersion = 46;
	objects = {

/* Begin PBXBuildFile section */
		D36066E41CBD3BCF00928B74 /* AppDelegate.swift in Sources */ = {isa = PBXBuildFile; fileRef = D36066E31CBD3BCF00928B74 /* AppDelegate.swift */; };
		D36066E61CBD3BCF00928B74 /* ViewController.swift in Sources */ = {isa = PBXBuildFile; fileRef = D36066E51CBD3BCF00928B74 /* ViewController.swift */; };
		D36066E91CBD3BCF00928B74 /* Main.storyboard in Resources */ = {isa = PBXBuildFile; fileRef = D36066E71CBD3BCF00928B74 /* Main.storyboard */; };
		D36066EB1CBD3BCF00928B74 /* Assets.xcassets in Resources */ = {isa = PBXBuildFile; fileRef = D36066EA1CBD3BCF00928B74 /* Assets.xcassets */; };
		D36066EE1CBD3BCF00928B74 /* LaunchScreen.storyboard in Resources */ = {isa = PBXBuildFile; fileRef = D36066EC1CBD3BCF00928B74 /* LaunchScreen.storyboard */; };
/* End PBXBuildFile section */

/* Begin PBXFileReference section */
		D36066E01CBD3BCF00928B74 /* ToDo.app */ = {isa = PBXFileReference; explicitFileType = wrapper.application; includeInIndex = 0; path = ToDo.app; sourceTree = BUILT_PRODUCTS_DIR; };
		D36066E31CBD3BCF00928B74 /* AppDelegate.swift */ = {isa = PBXFileReference; lastKnownFileType = sourcecode.swift; path = AppDelegate.swift; sourceTree = "<group>"; };
		D36066E51CBD3BCF00928B74 /* ViewController.swift */ = {isa = PBXFileReference; lastKnownFileType = sourcecode.swift; path = ViewController.swift; sourceTree = "<group>"; };
		D36066E81CBD3BCF00928B74 /* Base */ = {isa = PBXFileReference; lastKnownFileType = file.storyboard; name = Base; path = Base.lproj/Main.storyboard; sourceTree = "<group>"; };
		D36066EA1CBD3BCF00928B74 /* Assets.xcassets */ = {isa = PBXFileReference; lastKnownFileType = folder.assetcatalog; path = Assets.xcassets; sourceTree = "<group>"; };
		D36066ED1CBD3BCF00928B74 /* Base */ = {isa = PBXFileReference; lastKnownFileType = file.storyboard; name = Base; path = Base.lproj/LaunchScreen.storyboard; sourceTree = "<group>"; };
		D36066EF1CBD3BCF00928B74 /* Info.plist */ = {isa = PBXFileReference; lastKnownFileType = text.plist.xml; path = Info.plist; sourceTree = "<group>"; };
/* End PBXFileReference section */

/* Begin PBXFrameworksBuildPhase section */
		D36066DD1CBD3BCF00928B74 /* Frameworks */ = {
			isa = PBXFrameworksBuildPhase;
			buildActionMask = 2147483647;
			files = (
			);
			runOnlyForDeploymentPostprocessing = 0;
		};
/* End PBXFrameworksBuildPhase section */

/* Begin PBXGroup section */
		D36066D71CBD3BCF00928B74 = {
			isa = PBXGroup;
			children = (
				D36066E21CBD3BCF00928B74 /* ToDo */,
				D36066E11CBD3BCF00928B74 /* Products */,
			);
			sourceTree = "<group>";
		};
		D36066E11CBD3BCF00928B74 /* Products */ = {
			isa = PBXGroup;
			children = (
				D36066E01CBD3BCF00928B74 /* ToDo.app */,
			);
			name = Products;
			sourceTree = "<group>";
		};
		D36066E21CBD3BCF00928B74 /* ToDo */ = {
			isa = PBXGroup;
			children = (
				D36066E31CBD3BCF00928B74 /* AppDelegate.swift */,
				D36066E51CBD3BCF00928B74 /* ViewController.swift */,
				D36066E71CBD3BCF00928B74 /* Main.storyboard */,
				D36066EA1CBD3BCF00928B74 /* Assets.xcassets */,
				D36066EC1CBD3BCF00928B74 /* LaunchScreen.storyboard */,
				D36066EF1CBD3BCF00928B74 /* Info.plist */,
			);
			path = ToDo;
			sourceTree = "<group>";
		};
/* End PBXGroup section */

/* Begin PBXNativeTarget section */
		D36066DF1CBD3BCF00928B74 /* ToDo */ = {
			isa = PBXNativeTarget;
			buildConfigurationList = D36066F21CBD3BCF00928B74 /* Build configuration list for PBXNativeTarget "ToDo" */;
			buildPhases = (
				D36066DC1CBD3BCF00928B74 /* Sources */,
				D36066DD1CBD3BCF00928B74 /* Frameworks */,
				D36066DE1CBD3BCF00928B74 /* Resources */,
			);
			buildRules = (
			);
			dependencies = (
			);
			name = ToDo;
			productName = ToDo;
			productReference = D36066E01CBD3BCF00928B74 /* ToDo.app */;
			productType = "com.apple.product-type.application";
		};
/* End PBXNativeTarget section */

/* Begin PBXProject section */
		D36066D81CBD3BCF00928B74 /* Project object */ = {
			isa = PBXProject;
			attributes = {
				LastSwiftUpdateCheck = 0730;
				LastUpgradeCheck = 0730;
				ORGANIZATIONNAME = Tutsplus;
				TargetAttributes = {
					D36066DF1CBD3BCF00928B74 = {
						CreatedOnToolsVersion = 7.3;
					};
				};
			};
			buildConfigurationList = D36066DB1CBD3BCF00928B74 /* Build configuration list for PBXProject "ToDo" */;
			compatibilityVersion = "Xcode 3.2";
			developmentRegion = English;
			hasScannedForEncodings = 0;
			knownRegions = (
				en,
				Base,
			);
			mainGroup = D36066D71CBD3BCF00928B74;
			productRefGroup = D36066E11CBD3BCF00928B74 /* Products */;
			projectDirPath = "";
			projectRoot = "";
			targets = (
				D36066DF1CBD3BCF00928B74 /* ToDo */,
			);
		};
/* End PBXProject section */

/* Begin PBXResourcesBuildPhase section */
		D36066DE1CBD3BCF00928B74 /* Resources */ = {
			isa = PBXResourcesBuildPhase;
			buildActionMask = 2147483647;
			files = (
				D36066EE1CBD3BCF00928B74 /* LaunchScreen.storyboard in Resources */,
				D36066EB1CBD3BCF00928B74 /* Assets.xcassets in Resources */,
				D36066E91CBD3BCF00928B74 /* Main.storyboard in Resources */,
			);
			runOnlyForDeploymentPostprocessing = 0;
		};
/* End PBXResourcesBuildPhase section */

/* Begin PBXSourcesBuildPhase section */
		D36066DC1CBD3BCF00928B74 /* Sources */ = {
			isa = PBXSourcesBuildPhase;
			buildActionMask = 2147483647;
			files = (
				D36066E61CBD3BCF00928B74 /* ViewController.swift in Sources */,
				D36066E41CBD3BCF00928B74 /* AppDelegate.swift in Sources */,
			);
			runOnlyForDeploymentPostprocessing = 0;
		};
/* End PBXSourcesBuildPhase section */

/* Begin PBXVariantGroup section */
		D36066E71CBD3BCF00928B74 /* Main.storyboard */ = {
			isa = PBXVariantGroup;
			children = (
				D36066E81CBD3BCF00928B74 /* Base */,
			);
			name = Main.storyboard;
			sourceTree = "<group>";
		};
		D36066EC1CBD3BCF00928B74 /* LaunchScreen.storyboard */ = {
			isa = PBXVariantGroup;
			children = (
				D36066ED1CBD3BCF00928B74 /* Base */,
			);
			name = LaunchScreen.storyboard;
			sourceTree = "<group>";
		};
/* End PBXVariantGroup section */

/* Begin XCBuildConfiguration section */
		D36066F01CBD3BCF00928B74 /* Debug */ = {
			isa = XCBuildConfiguration;
			buildSettings = {
				ALWAYS_SEARCH_USER_PATHS = NO;
				CLANG_ANALYZER_NONNULL = YES;
				CLANG_CXX_LANGUAGE_STANDARD = "gnu++0x";
				CLANG_CXX_LIBRARY = "libc++";
				CLANG_ENABLE_MODULES = YES;
				CLANG_ENABLE_OBJC_ARC = YES;
				CLANG_WARN_BOOL_CONVERSION = YES;
				CLANG_WARN_CONSTANT_CONVERSION = YES;
				CLANG_WARN_DIRECT_OBJC_ISA_USAGE = YES_ERROR;
				CLANG_WARN_EMPTY_BODY = YES;
				CLANG_WARN_ENUM_CONVERSION = YES;
				CLANG_WARN_INT_CONVERSION = YES;
				CLANG_WARN_OBJC_ROOT_CLASS = YES_ERROR;
				CLANG_WARN_UNREACHABLE_CODE = YES;
				CLANG_WARN__DUPLICATE_METHOD_MATCH = YES;
				"CODE_SIGN_IDENTITY[sdk=iphoneos*]" = "iPhone Developer";
				COPY_PHASE_STRIP = NO;
				DEBUG_INFORMATION_FORMAT = dwarf;
				ENABLE_STRICT_OBJC_MSGSEND = YES;
				ENABLE_TESTABILITY = YES;
				GCC_C_LANGUAGE_STANDARD = gnu99;
				GCC_DYNAMIC_NO_PIC = NO;
				GCC_NO_COMMON_BLOCKS = YES;
				GCC_OPTIMIZATION_LEVEL = 0;
				GCC_PREPROCESSOR_DEFINITIONS = (
					"DEBUG=1",
					"$(inherited)",
				);
				GCC_WARN_64_TO_32_BIT_CONVERSION = YES;
				GCC_WARN_ABOUT_RETURN_TYPE = YES_ERROR;
				GCC_WARN_UNDECLARED_SELECTOR = YES;
				GCC_WARN_UNINITIALIZED_AUTOS = YES_AGGRESSIVE;
				GCC_WARN_UNUSED_FUNCTION = YES;
				GCC_WARN_UNUSED_VARIABLE = YES;
				IPHONEOS_DEPLOYMENT_TARGET = 9.3;
				MTL_ENABLE_DEBUG_INFO = YES;
				ONLY_ACTIVE_ARCH = YES;
				SDKROOT = iphoneos;
				SWIFT_OPTIMIZATION_LEVEL = "-Onone";
				TARGETED_DEVICE_FAMILY = "1,2";
			};
			name = Debug;
		};
		D36066F11CBD3BCF00928B74 /* Release */ = {
			isa = XCBuildConfiguration;
			buildSettings = {
				ALWAYS_SEARCH_USER_PATHS = NO;
				CLANG_ANALYZER_NONNULL = YES;
				CLANG_CXX_LANGUAGE_STANDARD = "gnu++0x";
				CLANG_CXX_LIBRARY = "libc++";
				CLANG_ENABLE_MODULES = YES;
				CLANG_ENABLE_OBJC_ARC = YES;
				CLANG_WARN_BOOL_CONVERSION = YES;
				CLANG_WARN_CONSTANT_CONVERSION = YES;
				CLANG_WARN_DIRECT_OBJC_ISA_USAGE = YES_ERROR;
				CLANG_WARN_EMPTY_BODY = YES;
				CLANG_WARN_ENUM_CONVERSION = YES;
				CLANG_WARN_INT_CONVERSION = YES;
				CLANG_WARN_OBJC_ROOT_CLASS = YES_ERROR;
				CLANG_WARN_UNREACHABLE_CODE = YES;
				CLANG_WARN__DUPLICATE_METHOD_MATCH = YES;
				"CODE_SIGN_IDENTITY[sdk=iphoneos*]" = "iPhone Developer";
				COPY_PHASE_STRIP = NO;
				DEBUG_INFORMATION_FORMAT = "dwarf-with-dsym";
				ENABLE_NS_ASSERTIONS = NO;
				ENABLE_STRICT_OBJC_MSGSEND = YES;
				GCC_C_LANGUAGE_STANDARD = gnu99;
				GCC_NO_COMMON_BLOCKS = YES;
				GCC_WARN_64_TO_32_BIT_CONVERSION = YES;
				GCC_WARN_ABOUT_RETURN_TYPE = YES_ERROR;
				GCC_WARN_UNDECLARED_SELECTOR = YES;
				GCC_WARN_UNINITIALIZED_AUTOS = YES_AGGRESSIVE;
				GCC_WARN_UNUSED_FUNCTION = YES;
				GCC_WARN_UNUSED_VARIABLE = YES;
				IPHONEOS_DEPLOYMENT_TARGET = 9.3;
				MTL_ENABLE_DEBUG_INFO = NO;
				SDKROOT = iphoneos;
				TARGETED_DEVICE_FAMILY = "1,2";
				VALIDATE_PRODUCT = YES;
			};
			name = Release;
		};
		D36066F31CBD3BCF00928B74 /* Debug */ = {
			isa = XCBuildConfiguration;
			buildSettings = {
				ASSETCATALOG_COMPILER_APPICON_NAME = AppIcon;
				INFOPLIST_FILE = ToDo/Info.plist;
				LD_RUNPATH_SEARCH_PATHS = "$(inherited) @executable_path/Frameworks";
				PRODUCT_BUNDLE_IDENTIFIER = com.tutsplus.ToDo;
				PRODUCT_NAME = "$(TARGET_NAME)";
			};
			name = Debug;
		};
		D36066F41CBD3BCF00928B74 /* Release */ = {
			isa = XCBuildConfiguration;
			buildSettings = {
				ASSETCATALOG_COMPILER_APPICON_NAME = AppIcon;
				INFOPLIST_FILE = ToDo/Info.plist;
				LD_RUNPATH_SEARCH_PATHS = "$(inherited) @executable_path/Frameworks";
				PRODUCT_BUNDLE_IDENTIFIER = com.tutsplus.ToDo;
				PRODUCT_NAME = "$(TARGET_NAME)";
			};
			name = Release;
		};
/* End XCBuildConfiguration section */

/* Begin XCConfigurationList section */
		D36066DB1CBD3BCF00928B74 /* Build configuration list for PBXProject "ToDo" */ = {
			isa = XCConfigurationList;
			buildConfigurations = (
				D36066F01CBD3BCF00928B74 /* Debug */,
				D36066F11CBD3BCF00928B74 /* Release */,
			);
			defaultConfigurationIsVisible = 0;
			defaultConfigurationName = Release;
		};
		D36066F21CBD3BCF00928B74 /* Build configuration list for PBXNativeTarget "ToDo" */ = {
			isa = XCConfigurationList;
			buildConfigurations = (
				D36066F31CBD3BCF00928B74 /* Debug */,
				D36066F41CBD3BCF00928B74 /* Release */,
			);
			defaultConfigurationIsVisible = 0;
		};
/* End XCConfigurationList section */
	};
	rootObject = D36066D81CBD3BCF00928B74 /* Project object */;
}
